dependencies:
- name: redis
  repository: https://charts.bitnami.com/bitnami
  version: 16.13.2
- name: redis
  repository: https://charts.bitnami.com/bitnami
  version: 16.13.2
- name: redis
  repository: https://charts.bitnami.com/bitnami
  version: 16.13.2
- name: redis
  repository: https://charts.bitnami.com/bitnami
  version: 16.13.2
- name: redis
  repository: https://charts.bitnami.com/bitnami
  version: 16.13.2
- name: redis
  repository: https://charts.bitnami.com/bitnami
  version: 16.13.2
digest: sha256:2844796bf1a1765389463111a5e6069eae0f7362e9074d717bb1277951b06731
generated: "2023-05-29T16:17:36.174476-04:00"
