dependencies:
- name: redis
  repository: https://charts.bitnami.com/bitnami
  version: 23.1.1
- name: redis
  repository: https://charts.bitnami.com/bitnami
  version: 23.1.1
- name: redis
  repository: https://charts.bitnami.com/bitnami
  version: 23.1.1
- name: redis
  repository: https://charts.bitnami.com/bitnami
  version: 23.1.1
- name: redis
  repository: https://charts.bitnami.com/bitnami
  version: 23.1.1
- name: redis
  repository: https://charts.bitnami.com/bitnami
  version: 23.1.1
- name: redis
  repository: https://charts.bitnami.com/bitnami
  version: 23.1.1
digest: sha256:a3d9a85dbd1e011438ead44845622f6dc576dec48ccde4aeb7f64e66e2bae03c
generated: "2025-10-08T22:44:56.5247-04:00"
