dependencies:
- name: redis
  repository: https://charts.bitnami.com/bitnami
  version: 12.7.4
- name: redis
  repository: https://charts.bitnami.com/bitnami
  version: 12.7.4
- name: redis
  repository: https://charts.bitnami.com/bitnami
  version: 12.7.4
- name: redis
  repository: https://charts.bitnami.com/bitnami
  version: 12.7.4
- name: redis
  repository: https://charts.bitnami.com/bitnami
  version: 12.7.4
- name: redis
  repository: https://charts.bitnami.com/bitnami
  version: 12.7.4
digest: sha256:b3fc2e52861ddeab0552d7b5b2072bfc0b924b793d02446b077c8c2968b44abe
generated: "2021-11-04T08:54:36.696493529-04:00"
